
Microsoft Visual Studio Solution File, Format Version 12.00
# Visual Studio Version 17
VisualStudioVersion = 17.2.32616.157
MinimumVisualStudioVersion = 10.0.40219.1
Project("{FAE04EC0-301F-11D3-BF4B-00C04F79EFBC}") = "BethanyPieShop", "BethanyPieShop\BethanyPieShop.csproj", "{1F29283C-0D51-4C98-B985-178EB377FAD7}"
EndProject
Global
	GlobalSection(SolutionConfigurationPlatforms) = preSolution
		Debug|Any CPU = Debug|Any CPU
		Release|Any CPU = Release|Any CPU
	EndGlobalSection
	GlobalSection(ProjectConfigurationPlatforms) = postSolution
		{1F29283C-0D51-4C98-B985-178EB377FAD7}.Debug|Any CPU.ActiveCfg = Debug|Any CPU
		{1F29283C-0D51-4C98-B985-178EB377FAD7}.Debug|Any CPU.Build.0 = Debug|Any CPU
		{1F29283C-0D51-4C98-B985-178EB377FAD7}.Release|Any CPU.ActiveCfg = Release|Any CPU
		{1F29283C-0D51-4C98-B985-178EB377FAD7}.Release|Any CPU.Build.0 = Release|Any CPU
	EndGlobalSection
	GlobalSection(SolutionProperties) = preSolution
		HideSolutionNode = FALSE
	EndGlobalSection
	GlobalSection(ExtensibilityGlobals) = postSolution
		SolutionGuid = {16F17BDD-3285-4FF6-A12D-DB2118D85321}
	EndGlobalSection
EndGlobal
